
Microsoft Visual Studio Solution File, Format Version 12.00
# Visual Studio Version 17
VisualStudioVersion = 17.9.34723.18
MinimumVisualStudioVersion = 10.0.40219.1
Project("{888888A0-9F3D-457C-B088-3A5042F75D52}") = "ML Test", "ML Test\ML Test.pyproj", "{DA70F15B-FFAF-4C9C-ADFB-EFE084428592}"
EndProject
Global
	GlobalSection(SolutionConfigurationPlatforms) = preSolution
		Debug|Any CPU = Debug|Any CPU
		Release|Any CPU = Release|Any CPU
	EndGlobalSection
	GlobalSection(ProjectConfigurationPlatforms) = postSolution
		{DA70F15B-FFAF-4C9C-ADFB-EFE084428592}.Debug|Any CPU.ActiveCfg = Debug|Any CPU
		{DA70F15B-FFAF-4C9C-ADFB-EFE084428592}.Release|Any CPU.ActiveCfg = Release|Any CPU
	EndGlobalSection
	GlobalSection(SolutionProperties) = preSolution
		HideSolutionNode = FALSE
	EndGlobalSection
	GlobalSection(ExtensibilityGlobals) = postSolution
		SolutionGuid = {843AAD7D-F0C0-44FD-9087-85269E58FF58}
	EndGlobalSection
EndGlobal
